
Microsoft Visual Studio Solution File, Format Version 12.00
# Visual Studio Version 17
VisualStudioVersion = 17.5.002.0
MinimumVisualStudioVersion = 10.0.40219.1
Project("{9A19103F-16F7-4668-BE54-9A1E7A4F7556}") = "APICatalogo", "APICatalogo.csproj", "{70AEF4F9-AADB-4748-BADD-6CFF011AB641}"
EndProject
Global
	GlobalSection(SolutionConfigurationPlatforms) = preSolution
		Debug|Any CPU = Debug|Any CPU
		Release|Any CPU = Release|Any CPU
	EndGlobalSection
	GlobalSection(ProjectConfigurationPlatforms) = postSolution
		{70AEF4F9-AADB-4748-BADD-6CFF011AB641}.Debug|Any CPU.ActiveCfg = Debug|Any CPU
		{70AEF4F9-AADB-4748-BADD-6CFF011AB641}.Debug|Any CPU.Build.0 = Debug|Any CPU
		{70AEF4F9-AADB-4748-BADD-6CFF011AB641}.Release|Any CPU.ActiveCfg = Release|Any CPU
		{70AEF4F9-AADB-4748-BADD-6CFF011AB641}.Release|Any CPU.Build.0 = Release|Any CPU
	EndGlobalSection
	GlobalSection(SolutionProperties) = preSolution
		HideSolutionNode = FALSE
	EndGlobalSection
	GlobalSection(ExtensibilityGlobals) = postSolution
		SolutionGuid = {263D980B-905A-462B-BE68-1B1EF49EDC82}
	EndGlobalSection
EndGlobal
